// !$*UTF8*$!
{
	archiveVersion = 1;
	classes = {
	};
	objectVersion = 56;
	objects = {

/* Begin PBXBuildFile section */
		33B2C3682BA49A7500A325E7 /* emojiGameApp.swift in Sources */ = {isa = PBXBuildFile; fileRef = 33B2C3672BA49A7500A325E7 /* emojiGameApp.swift */; };
		33B2C36A2BA49A7500A325E7 /* ContentView.swift in Sources */ = {isa = PBXBuildFile; fileRef = 33B2C3692BA49A7500A325E7 /* ContentView.swift */; };
		33B2C36C2BA49A7700A325E7 /* Assets.xcassets in Resources */ = {isa = PBXBuildFile; fileRef = 33B2C36B2BA49A7700A325E7 /* Assets.xcassets */; };
		33B2C36F2BA49A7700A325E7 /* Preview Assets.xcassets in Resources */ = {isa = PBXBuildFile; fileRef = 33B2C36E2BA49A7700A325E7 /* Preview Assets.xcassets */; };
		33B2C3832BA49A7700A325E7 /* emojiGameUITests.swift in Sources */ = {isa = PBXBuildFile; fileRef = 33B2C3822BA49A7700A325E7 /* emojiGameUITests.swift */; };
		33B2C3852BA49A7700A325E7 /* emojiGameUITestsLaunchTests.swift in Sources */ = {isa = PBXBuildFile; fileRef = 33B2C3842BA49A7700A325E7 /* emojiGameUITestsLaunchTests.swift */; };
		33C65A252BAC8CAA00C9CEDF /* SquareView.swift in Sources */ = {isa = PBXBuildFile; fileRef = 33C65A242BAC8CAA00C9CEDF /* SquareView.swift */; };
		33CB809B2BA89D2300434399 /* emojiCover.png in Resources */ = {isa = PBXBuildFile; fileRef = 33CB809A2BA89D2300434399 /* emojiCover.png */; };
		33CB809C2BA89D2300434399 /* emojiCover.png in Resources */ = {isa = PBXBuildFile; fileRef = 33CB809A2BA89D2300434399 /* emojiCover.png */; };
		33CB809D2BA89D2300434399 /* emojiCover.png in Resources */ = {isa = PBXBuildFile; fileRef = 33CB809A2BA89D2300434399 /* emojiCover.png */; };
		33E3B8A92BB1DE6B00E675D8 /* FinalPageView.swift in Sources */ = {isa = PBXBuildFile; fileRef = 33E3B8A82BB1DE6B00E675D8 /* FinalPageView.swift */; };
		33F165B62BA9E54E00067619 /* emojiGameTests.swift in Sources */ = {isa = PBXBuildFile; fileRef = 33B2C3782BA49A7700A325E7 /* emojiGameTests.swift */; };
		33F165B82BA9ED5B00067619 /* GameView.swift in Sources */ = {isa = PBXBuildFile; fileRef = 33F165B72BA9ED5B00067619 /* GameView.swift */; };
/* End PBXBuildFile section */

/* Begin PBXContainerItemProxy section */
		33B2C3752BA49A7700A325E7 /* PBXContainerItemProxy */ = {
			isa = PBXContainerItemProxy;
			containerPortal = 33B2C35C2BA49A7400A325E7 /* Project object */;
			proxyType = 1;
			remoteGlobalIDString = 33B2C3632BA49A7400A325E7;
			remoteInfo = emojiGame;
		};
		33B2C37F2BA49A7700A325E7 /* PBXContainerItemProxy */ = {
			isa = PBXContainerItemProxy;
			containerPortal = 33B2C35C2BA49A7400A325E7 /* Project object */;
			proxyType = 1;
			remoteGlobalIDString = 33B2C3632BA49A7400A325E7;
			remoteInfo = emojiGame;
		};
/* End PBXContainerItemProxy section */

/* Begin PBXFileReference section */
		33B2C3642BA49A7500A325E7 /* emojiGame.app */ = {isa = PBXFileReference; explicitFileType = wrapper.application; includeInIndex = 0; path = emojiGame.app; sourceTree = BUILT_PRODUCTS_DIR; };
		33B2C3672BA49A7500A325E7 /* emojiGameApp.swift */ = {isa = PBXFileReference; lastKnownFileType = sourcecode.swift; path = emojiGameApp.swift; sourceTree = "<group>"; };
		33B2C3692BA49A7500A325E7 /* ContentView.swift */ = {isa = PBXFileReference; lastKnownFileType = sourcecode.swift; path = ContentView.swift; sourceTree = "<group>"; };
		33B2C36B2BA49A7700A325E7 /* Assets.xcassets */ = {isa = PBXFileReference; lastKnownFileType = folder.assetcatalog; path = Assets.xcassets; sourceTree = "<group>"; };
		33B2C36E2BA49A7700A325E7 /* Preview Assets.xcassets */ = {isa = PBXFileReference; lastKnownFileType = folder.assetcatalog; path = "Preview Assets.xcassets"; sourceTree = "<group>"; };
		33B2C3742BA49A7700A325E7 /* emojiGameTests.xctest */ = {isa = PBXFileReference; explicitFileType = wrapper.cfbundle; includeInIndex = 0; path = emojiGameTests.xctest; sourceTree = BUILT_PRODUCTS_DIR; };
		33B2C3782BA49A7700A325E7 /* emojiGameTests.swift */ = {isa = PBXFileReference; lastKnownFileType = sourcecode.swift; path = emojiGameTests.swift; sourceTree = "<group>"; };
		33B2C37E2BA49A7700A325E7 /* emojiGameUITests.xctest */ = {isa = PBXFileReference; explicitFileType = wrapper.cfbundle; includeInIndex = 0; path = emojiGameUITests.xctest; sourceTree = BUILT_PRODUCTS_DIR; };
		33B2C3822BA49A7700A325E7 /* emojiGameUITests.swift */ = {isa = PBXFileReference; lastKnownFileType = sourcecode.swift; path = emojiGameUITests.swift; sourceTree = "<group>"; };
		33B2C3842BA49A7700A325E7 /* emojiGameUITestsLaunchTests.swift */ = {isa = PBXFileReference; lastKnownFileType = sourcecode.swift; path = emojiGameUITestsLaunchTests.swift; sourceTree = "<group>"; };
		33C65A242BAC8CAA00C9CEDF /* SquareView.swift */ = {isa = PBXFileReference; lastKnownFileType = sourcecode.swift; path = SquareView.swift; sourceTree = "<group>"; };
		33CB809A2BA89D2300434399 /* emojiCover.png */ = {isa = PBXFileReference; lastKnownFileType = image.png; path = emojiCover.png; sourceTree = "<group>"; };
		33E3B8A82BB1DE6B00E675D8 /* FinalPageView.swift */ = {isa = PBXFileReference; lastKnownFileType = sourcecode.swift; path = FinalPageView.swift; sourceTree = "<group>"; };
		33F165B72BA9ED5B00067619 /* GameView.swift */ = {isa = PBXFileReference; lastKnownFileType = sourcecode.swift; path = GameView.swift; sourceTree = "<group>"; };
/* End PBXFileReference section */

/* Begin PBXFrameworksBuildPhase section */
		33B2C3612BA49A7400A325E7 /* Frameworks */ = {
			isa = PBXFrameworksBuildPhase;
			buildActionMask = 2147483647;
			files = (
			);
			runOnlyForDeploymentPostprocessing = 0;
		};
		33B2C3712BA49A7700A325E7 /* Frameworks */ = {
			isa = PBXFrameworksBuildPhase;
			buildActionMask = 2147483647;
			files = (
			);
			runOnlyForDeploymentPostprocessing = 0;
		};
		33B2C37B2BA49A7700A325E7 /* Frameworks */ = {
			isa = PBXFrameworksBuildPhase;
			buildActionMask = 2147483647;
			files = (
			);
			runOnlyForDeploymentPostprocessing = 0;
		};
/* End PBXFrameworksBuildPhase section */

/* Begin PBXGroup section */
		33B2C35B2BA49A7400A325E7 = {
			isa = PBXGroup;
			children = (
				33B2C3662BA49A7500A325E7 /* emojiGame */,
				33B2C3772BA49A7700A325E7 /* emojiGameTests */,
				33B2C3812BA49A7700A325E7 /* emojiGameUITests */,
				33B2C3652BA49A7500A325E7 /* Products */,
			);
			sourceTree = "<group>";
		};
		33B2C3652BA49A7500A325E7 /* Products */ = {
			isa = PBXGroup;
			children = (
				33B2C3642BA49A7500A325E7 /* emojiGame.app */,
				33B2C3742BA49A7700A325E7 /* emojiGameTests.xctest */,
				33B2C37E2BA49A7700A325E7 /* emojiGameUITests.xctest */,
			);
			name = Products;
			sourceTree = "<group>";
		};
		33B2C3662BA49A7500A325E7 /* emojiGame */ = {
			isa = PBXGroup;
			children = (
				33B2C3672BA49A7500A325E7 /* emojiGameApp.swift */,
				33B2C3692BA49A7500A325E7 /* ContentView.swift */,
				33F165B72BA9ED5B00067619 /* GameView.swift */,
				33E3B8A82BB1DE6B00E675D8 /* FinalPageView.swift */,
				33C65A242BAC8CAA00C9CEDF /* SquareView.swift */,
				33B2C36B2BA49A7700A325E7 /* Assets.xcassets */,
				33CB809A2BA89D2300434399 /* emojiCover.png */,
				33B2C36D2BA49A7700A325E7 /* Preview Content */,
			);
			path = emojiGame;
			sourceTree = "<group>";
		};
		33B2C36D2BA49A7700A325E7 /* Preview Content */ = {
			isa = PBXGroup;
			children = (
				33B2C36E2BA49A7700A325E7 /* Preview Assets.xcassets */,
			);
			path = "Preview Content";
			sourceTree = "<group>";
		};
		33B2C3772BA49A7700A325E7 /* emojiGameTests */ = {
			isa = PBXGroup;
			children = (
			);
			path = emojiGameTests;
			sourceTree = "<group>";
		};
		33B2C3812BA49A7700A325E7 /* emojiGameUITests */ = {
			isa = PBXGroup;
			children = (
				33B2C3822BA49A7700A325E7 /* emojiGameUITests.swift */,
				33B2C3782BA49A7700A325E7 /* emojiGameTests.swift */,
				33B2C3842BA49A7700A325E7 /* emojiGameUITestsLaunchTests.swift */,
			);
			path = emojiGameUITests;
			sourceTree = "<group>";
		};
/* End PBXGroup section */

/* Begin PBXNativeTarget section */
		33B2C3632BA49A7400A325E7 /* emojiGame */ = {
			isa = PBXNativeTarget;
			buildConfigurationList = 33B2C3882BA49A7700A325E7 /* Build configuration list for PBXNativeTarget "emojiGame" */;
			buildPhases = (
				33B2C3602BA49A7400A325E7 /* Sources */,
				33B2C3612BA49A7400A325E7 /* Frameworks */,
				33B2C3622BA49A7400A325E7 /* Resources */,
			);
			buildRules = (
			);
			dependencies = (
			);
			name = emojiGame;
			productName = emojiGame;
			productReference = 33B2C3642BA49A7500A325E7 /* emojiGame.app */;
			productType = "com.apple.product-type.application";
		};
		33B2C3732BA49A7700A325E7 /* emojiGameTests */ = {
			isa = PBXNativeTarget;
			buildConfigurationList = 33B2C38B2BA49A7700A325E7 /* Build configuration list for PBXNativeTarget "emojiGameTests" */;
			buildPhases = (
				33B2C3702BA49A7700A325E7 /* Sources */,
				33B2C3712BA49A7700A325E7 /* Frameworks */,
				33B2C3722BA49A7700A325E7 /* Resources */,
			);
			buildRules = (
			);
			dependencies = (
				33B2C3762BA49A7700A325E7 /* PBXTargetDependency */,
			);
			name = emojiGameTests;
			productName = emojiGameTests;
			productReference = 33B2C3742BA49A7700A325E7 /* emojiGameTests.xctest */;
			productType = "com.apple.product-type.bundle.unit-test";
		};
		33B2C37D2BA49A7700A325E7 /* emojiGameUITests */ = {
			isa = PBXNativeTarget;
			buildConfigurationList = 33B2C38E2BA49A7700A325E7 /* Build configuration list for PBXNativeTarget "emojiGameUITests" */;
			buildPhases = (
				33B2C37A2BA49A7700A325E7 /* Sources */,
				33B2C37B2BA49A7700A325E7 /* Frameworks */,
				33B2C37C2BA49A7700A325E7 /* Resources */,
			);
			buildRules = (
			);
			dependencies = (
				33B2C3802BA49A7700A325E7 /* PBXTargetDependency */,
			);
			name = emojiGameUITests;
			productName = emojiGameUITests;
			productReference = 33B2C37E2BA49A7700A325E7 /* emojiGameUITests.xctest */;
			productType = "com.apple.product-type.bundle.ui-testing";
		};
/* End PBXNativeTarget section */

/* Begin PBXProject section */
		33B2C35C2BA49A7400A325E7 /* Project object */ = {
			isa = PBXProject;
			attributes = {
				BuildIndependentTargetsInParallel = 1;
				LastSwiftUpdateCheck = 1510;
				LastUpgradeCheck = 1510;
				TargetAttributes = {
					33B2C3632BA49A7400A325E7 = {
						CreatedOnToolsVersion = 15.1;
					};
					33B2C3732BA49A7700A325E7 = {
						CreatedOnToolsVersion = 15.1;
						TestTargetID = 33B2C3632BA49A7400A325E7;
					};
					33B2C37D2BA49A7700A325E7 = {
						CreatedOnToolsVersion = 15.1;
						TestTargetID = 33B2C3632BA49A7400A325E7;
					};
				};
			};
			buildConfigurationList = 33B2C35F2BA49A7400A325E7 /* Build configuration list for PBXProject "emojiGame" */;
			compatibilityVersion = "Xcode 14.0";
			developmentRegion = en;
			hasScannedForEncodings = 0;
			knownRegions = (
				en,
				Base,
			);
			mainGroup = 33B2C35B2BA49A7400A325E7;
			productRefGroup = 33B2C3652BA49A7500A325E7 /* Products */;
			projectDirPath = "";
			projectRoot = "";
			targets = (
				33B2C3632BA49A7400A325E7 /* emojiGame */,
				33B2C3732BA49A7700A325E7 /* emojiGameTests */,
				33B2C37D2BA49A7700A325E7 /* emojiGameUITests */,
			);
		};
/* End PBXProject section */

/* Begin PBXResourcesBuildPhase section */
		33B2C3622BA49A7400A325E7 /* Resources */ = {
			isa = PBXResourcesBuildPhase;
			buildActionMask = 2147483647;
			files = (
				33B2C36F2BA49A7700A325E7 /* Preview Assets.xcassets in Resources */,
				33CB809B2BA89D2300434399 /* emojiCover.png in Resources */,
				33B2C36C2BA49A7700A325E7 /* Assets.xcassets in Resources */,
			);
			runOnlyForDeploymentPostprocessing = 0;
		};
		33B2C3722BA49A7700A325E7 /* Resources */ = {
			isa = PBXResourcesBuildPhase;
			buildActionMask = 2147483647;
			files = (
				33CB809C2BA89D2300434399 /* emojiCover.png in Resources */,
			);
			runOnlyForDeploymentPostprocessing = 0;
		};
		33B2C37C2BA49A7700A325E7 /* Resources */ = {
			isa = PBXResourcesBuildPhase;
			buildActionMask = 2147483647;
			files = (
				33CB809D2BA89D2300434399 /* emojiCover.png in Resources */,
			);
			runOnlyForDeploymentPostprocessing = 0;
		};
/* End PBXResourcesBuildPhase section */

/* Begin PBXSourcesBuildPhase section */
		33B2C3602BA49A7400A325E7 /* Sources */ = {
			isa = PBXSourcesBuildPhase;
			buildActionMask = 2147483647;
			files = (
				33F165B82BA9ED5B00067619 /* GameView.swift in Sources */,
				33B2C36A2BA49A7500A325E7 /* ContentView.swift in Sources */,
				33E3B8A92BB1DE6B00E675D8 /* FinalPageView.swift in Sources */,
				33B2C3682BA49A7500A325E7 /* emojiGameApp.swift in Sources */,
				33C65A252BAC8CAA00C9CEDF /* SquareView.swift in Sources */,
			);
			runOnlyForDeploymentPostprocessing = 0;
		};
		33B2C3702BA49A7700A325E7 /* Sources */ = {
			isa = PBXSourcesBuildPhase;
			buildActionMask = 2147483647;
			files = (
			);
			runOnlyForDeploymentPostprocessing = 0;
		};
		33B2C37A2BA49A7700A325E7 /* Sources */ = {
			isa = PBXSourcesBuildPhase;
			buildActionMask = 2147483647;
			files = (
				33F165B62BA9E54E00067619 /* emojiGameTests.swift in Sources */,
				33B2C3832BA49A7700A325E7 /* emojiGameUITests.swift in Sources */,
				33B2C3852BA49A7700A325E7 /* emojiGameUITestsLaunchTests.swift in Sources */,
			);
			runOnlyForDeploymentPostprocessing = 0;
		};
/* End PBXSourcesBuildPhase section */

/* Begin PBXTargetDependency section */
		33B2C3762BA49A7700A325E7 /* PBXTargetDependency */ = {
			isa = PBXTargetDependency;
			target = 33B2C3632BA49A7400A325E7 /* emojiGame */;
			targetProxy = 33B2C3752BA49A7700A325E7 /* PBXContainerItemProxy */;
		};
		33B2C3802BA49A7700A325E7 /* PBXTargetDependency */ = {
			isa = PBXTargetDependency;
			target = 33B2C3632BA49A7400A325E7 /* emojiGame */;
			targetProxy = 33B2C37F2BA49A7700A325E7 /* PBXContainerItemProxy */;
		};
/* End PBXTargetDependency section */

/* Begin XCBuildConfiguration section */
		33B2C3862BA49A7700A325E7 /* Debug */ = {
			isa = XCBuildConfiguration;
			buildSettings = {
				ALWAYS_SEARCH_USER_PATHS = NO;
				ASSETCATALOG_COMPILER_GENERATE_SWIFT_ASSET_SYMBOL_EXTENSIONS = YES;
				CLANG_ANALYZER_NONNULL = YES;
				CLANG_ANALYZER_NUMBER_OBJECT_CONVERSION = YES_AGGRESSIVE;
				CLANG_CXX_LANGUAGE_STANDARD = "gnu++20";
				CLANG_ENABLE_MODULES = YES;
				CLANG_ENABLE_OBJC_ARC = YES;
				CLANG_ENABLE_OBJC_WEAK = YES;
				CLANG_WARN_BLOCK_CAPTURE_AUTORELEASING = YES;
				CLANG_WARN_BOOL_CONVERSION = YES;
				CLANG_WARN_COMMA = YES;
				CLANG_WARN_CONSTANT_CONVERSION = YES;
				CLANG_WARN_DEPRECATED_OBJC_IMPLEMENTATIONS = YES;
				CLANG_WARN_DIRECT_OBJC_ISA_USAGE = YES_ERROR;
				CLANG_WARN_DOCUMENTATION_COMMENTS = YES;
				CLANG_WARN_EMPTY_BODY = YES;
				CLANG_WARN_ENUM_CONVERSION = YES;
				CLANG_WARN_INFINITE_RECURSION = YES;
				CLANG_WARN_INT_CONVERSION = YES;
				CLANG_WARN_NON_LITERAL_NULL_CONVERSION = YES;
				CLANG_WARN_OBJC_IMPLICIT_RETAIN_SELF = YES;
				CLANG_WARN_OBJC_LITERAL_CONVERSION = YES;
				CLANG_WARN_OBJC_ROOT_CLASS = YES_ERROR;
				CLANG_WARN_QUOTED_INCLUDE_IN_FRAMEWORK_HEADER = YES;
				CLANG_WARN_RANGE_LOOP_ANALYSIS = YES;
				CLANG_WARN_STRICT_PROTOTYPES = YES;
				CLANG_WARN_SUSPICIOUS_MOVE = YES;
				CLANG_WARN_UNGUARDED_AVAILABILITY = YES_AGGRESSIVE;
				CLANG_WARN_UNREACHABLE_CODE = YES;
				CLANG_WARN__DUPLICATE_METHOD_MATCH = YES;
				COPY_PHASE_STRIP = NO;
				DEBUG_INFORMATION_FORMAT = dwarf;
				ENABLE_STRICT_OBJC_MSGSEND = YES;
				ENABLE_TESTABILITY = YES;
				ENABLE_USER_SCRIPT_SANDBOXING = YES;
				GCC_C_LANGUAGE_STANDARD = gnu17;
				GCC_DYNAMIC_NO_PIC = NO;
				GCC_NO_COMMON_BLOCKS = YES;
				GCC_OPTIMIZATION_LEVEL = 0;
				GCC_PREPROCESSOR_DEFINITIONS = (
					"DEBUG=1",
					"$(inherited)",
				);
				GCC_WARN_64_TO_32_BIT_CONVERSION = YES;
				GCC_WARN_ABOUT_RETURN_TYPE = YES_ERROR;
				GCC_WARN_UNDECLARED_SELECTOR = YES;
				GCC_WARN_UNINITIALIZED_AUTOS = YES_AGGRESSIVE;
				GCC_WARN_UNUSED_FUNCTION = YES;
				GCC_WARN_UNUSED_VARIABLE = YES;
				IPHONEOS_DEPLOYMENT_TARGET = 17.2;
				LOCALIZATION_PREFERS_STRING_CATALOGS = YES;
				MTL_ENABLE_DEBUG_INFO = INCLUDE_SOURCE;
				MTL_FAST_MATH = YES;
				ONLY_ACTIVE_ARCH = YES;
				SDKROOT = iphoneos;
				SWIFT_ACTIVE_COMPILATION_CONDITIONS = "DEBUG $(inherited)";
				SWIFT_OPTIMIZATION_LEVEL = "-Onone";
			};
			name = Debug;
		};
		33B2C3872BA49A7700A325E7 /* Release */ = {
			isa = XCBuildConfiguration;
			buildSettings = {
				ALWAYS_SEARCH_USER_PATHS = NO;
				ASSETCATALOG_COMPILER_GENERATE_SWIFT_ASSET_SYMBOL_EXTENSIONS = YES;
				CLANG_ANALYZER_NONNULL = YES;
				CLANG_ANALYZER_NUMBER_OBJECT_CONVERSION = YES_AGGRESSIVE;
				CLANG_CXX_LANGUAGE_STANDARD = "gnu++20";
				CLANG_ENABLE_MODULES = YES;
				CLANG_ENABLE_OBJC_ARC = YES;
				CLANG_ENABLE_OBJC_WEAK = YES;
				CLANG_WARN_BLOCK_CAPTURE_AUTORELEASING = YES;
				CLANG_WARN_BOOL_CONVERSION = YES;
				CLANG_WARN_COMMA = YES;
				CLANG_WARN_CONSTANT_CONVERSION = YES;
				CLANG_WARN_DEPRECATED_OBJC_IMPLEMENTATIONS = YES;
				CLANG_WARN_DIRECT_OBJC_ISA_USAGE = YES_ERROR;
				CLANG_WARN_DOCUMENTATION_COMMENTS = YES;
				CLANG_WARN_EMPTY_BODY = YES;
				CLANG_WARN_ENUM_CONVERSION = YES;
				CLANG_WARN_INFINITE_RECURSION = YES;
				CLANG_WARN_INT_CONVERSION = YES;
				CLANG_WARN_NON_LITERAL_NULL_CONVERSION = YES;
				CLANG_WARN_OBJC_IMPLICIT_RETAIN_SELF = YES;
				CLANG_WARN_OBJC_LITERAL_CONVERSION = YES;
				CLANG_WARN_OBJC_ROOT_CLASS = YES_ERROR;
				CLANG_WARN_QUOTED_INCLUDE_IN_FRAMEWORK_HEADER = YES;
				CLANG_WARN_RANGE_LOOP_ANALYSIS = YES;
				CLANG_WARN_STRICT_PROTOTYPES = YES;
				CLANG_WARN_SUSPICIOUS_MOVE = YES;
				CLANG_WARN_UNGUARDED_AVAILABILITY = YES_AGGRESSIVE;
				CLANG_WARN_UNREACHABLE_CODE = YES;
				CLANG_WARN__DUPLICATE_METHOD_MATCH = YES;
				COPY_PHASE_STRIP = NO;
				DEBUG_INFORMATION_FORMAT = "dwarf-with-dsym";
				ENABLE_NS_ASSERTIONS = NO;
				ENABLE_STRICT_OBJC_MSGSEND = YES;
				ENABLE_USER_SCRIPT_SANDBOXING = YES;
				GCC_C_LANGUAGE_STANDARD = gnu17;
				GCC_NO_COMMON_BLOCKS = YES;
				GCC_WARN_64_TO_32_BIT_CONVERSION = YES;
				GCC_WARN_ABOUT_RETURN_TYPE = YES_ERROR;
				GCC_WARN_UNDECLARED_SELECTOR = YES;
				GCC_WARN_UNINITIALIZED_AUTOS = YES_AGGRESSIVE;
				GCC_WARN_UNUSED_FUNCTION = YES;
				GCC_WARN_UNUSED_VARIABLE = YES;
				IPHONEOS_DEPLOYMENT_TARGET = 17.2;
				LOCALIZATION_PREFERS_STRING_CATALOGS = YES;
				MTL_ENABLE_DEBUG_INFO = NO;
				MTL_FAST_MATH = YES;
				SDKROOT = iphoneos;
				SWIFT_COMPILATION_MODE = wholemodule;
				VALIDATE_PRODUCT = YES;
			};
			name = Release;
		};
		33B2C3892BA49A7700A325E7 /* Debug */ = {
			isa = XCBuildConfiguration;
			buildSettings = {
				ASSETCATALOG_COMPILER_APPICON_NAME = AppIcon;
				ASSETCATALOG_COMPILER_GLOBAL_ACCENT_COLOR_NAME = AccentColor;
				CODE_SIGN_STYLE = Automatic;
				CURRENT_PROJECT_VERSION = 1;
				DEVELOPMENT_ASSET_PATHS = "\"emojiGame/Preview Content\"";
				ENABLE_PREVIEWS = YES;
				GENERATE_INFOPLIST_FILE = YES;
				INFOPLIST_KEY_UIApplicationSceneManifest_Generation = YES;
				INFOPLIST_KEY_UIApplicationSupportsIndirectInputEvents = YES;
				INFOPLIST_KEY_UILaunchScreen_Generation = YES;
				INFOPLIST_KEY_UISupportedInterfaceOrientations_iPad = "UIInterfaceOrientationPortrait UIInterfaceOrientationPortraitUpsideDown UIInterfaceOrientationLandscapeLeft UIInterfaceOrientationLandscapeRight";
				INFOPLIST_KEY_UISupportedInterfaceOrientations_iPhone = "UIInterfaceOrientationPortrait UIInterfaceOrientationLandscapeLeft UIInterfaceOrientationLandscapeRight";
				LD_RUNPATH_SEARCH_PATHS = (
					"$(inherited)",
					"@executable_path/Frameworks",
				);
				MARKETING_VERSION = 1.0;
				PRODUCT_BUNDLE_IDENTIFIER = com.metroed.emojiGame;
				PRODUCT_NAME = "$(TARGET_NAME)";
				SWIFT_EMIT_LOC_STRINGS = YES;
				SWIFT_VERSION = 5.0;
				TARGETED_DEVICE_FAMILY = "1,2";
			};
			name = Debug;
		};
		33B2C38A2BA49A7700A325E7 /* Release */ = {
			isa = XCBuildConfiguration;
			buildSettings = {
				ASSETCATALOG_COMPILER_APPICON_NAME = AppIcon;
				ASSETCATALOG_COMPILER_GLOBAL_ACCENT_COLOR_NAME = AccentColor;
				CODE_SIGN_STYLE = Automatic;
				CURRENT_PROJECT_VERSION = 1;
				DEVELOPMENT_ASSET_PATHS = "\"emojiGame/Preview Content\"";
				ENABLE_PREVIEWS = YES;
				GENERATE_INFOPLIST_FILE = YES;
				INFOPLIST_KEY_UIApplicationSceneManifest_Generation = YES;
				INFOPLIST_KEY_UIApplicationSupportsIndirectInputEvents = YES;
				INFOPLIST_KEY_UILaunchScreen_Generation = YES;
				INFOPLIST_KEY_UISupportedInterfaceOrientations_iPad = "UIInterfaceOrientationPortrait UIInterfaceOrientationPortraitUpsideDown UIInterfaceOrientationLandscapeLeft UIInterfaceOrientationLandscapeRight";
				INFOPLIST_KEY_UISupportedInterfaceOrientations_iPhone = "UIInterfaceOrientationPortrait UIInterfaceOrientationLandscapeLeft UIInterfaceOrientationLandscapeRight";
				LD_RUNPATH_SEARCH_PATHS = (
					"$(inherited)",
					"@executable_path/Frameworks",
				);
				MARKETING_VERSION = 1.0;
				PRODUCT_BUNDLE_IDENTIFIER = com.metroed.emojiGame;
				PRODUCT_NAME = "$(TARGET_NAME)";
				SWIFT_EMIT_LOC_STRINGS = YES;
				SWIFT_VERSION = 5.0;
				TARGETED_DEVICE_FAMILY = "1,2";
			};
			name = Release;
		};
		33B2C38C2BA49A7700A325E7 /* Debug */ = {
			isa = XCBuildConfiguration;
			buildSettings = {
				ALWAYS_EMBED_SWIFT_STANDARD_LIBRARIES = YES;
				BUNDLE_LOADER = "$(TEST_HOST)";
				CODE_SIGN_STYLE = Automatic;
				CURRENT_PROJECT_VERSION = 1;
				GENERATE_INFOPLIST_FILE = YES;
				IPHONEOS_DEPLOYMENT_TARGET = 17.2;
				MARKETING_VERSION = 1.0;
				PRODUCT_BUNDLE_IDENTIFIER = com.metroed.emojiGameTests;
				PRODUCT_NAME = "$(TARGET_NAME)";
				SWIFT_EMIT_LOC_STRINGS = NO;
				SWIFT_VERSION = 5.0;
				TARGETED_DEVICE_FAMILY = "1,2";
				TEST_HOST = "$(BUILT_PRODUCTS_DIR)/emojiGame.app/$(BUNDLE_EXECUTABLE_FOLDER_PATH)/emojiGame";
			};
			name = Debug;
		};
		33B2C38D2BA49A7700A325E7 /* Release */ = {
			isa = XCBuildConfiguration;
			buildSettings = {
				ALWAYS_EMBED_SWIFT_STANDARD_LIBRARIES = YES;
				BUNDLE_LOADER = "$(TEST_HOST)";
				CODE_SIGN_STYLE = Automatic;
				CURRENT_PROJECT_VERSION = 1;
				GENERATE_INFOPLIST_FILE = YES;
				IPHONEOS_DEPLOYMENT_TARGET = 17.2;
				MARKETING_VERSION = 1.0;
				PRODUCT_BUNDLE_IDENTIFIER = com.metroed.emojiGameTests;
				PRODUCT_NAME = "$(TARGET_NAME)";
				SWIFT_EMIT_LOC_STRINGS = NO;
				SWIFT_VERSION = 5.0;
				TARGETED_DEVICE_FAMILY = "1,2";
				TEST_HOST = "$(BUILT_PRODUCTS_DIR)/emojiGame.app/$(BUNDLE_EXECUTABLE_FOLDER_PATH)/emojiGame";
			};
			name = Release;
		};
		33B2C38F2BA49A7700A325E7 /* Debug */ = {
			isa = XCBuildConfiguration;
			buildSettings = {
				ALWAYS_EMBED_SWIFT_STANDARD_LIBRARIES = YES;
				CODE_SIGN_STYLE = Automatic;
				CURRENT_PROJECT_VERSION = 1;
				GENERATE_INFOPLIST_FILE = YES;
				MARKETING_VERSION = 1.0;
				PRODUCT_BUNDLE_IDENTIFIER = com.metroed.emojiGameUITests;
				PRODUCT_NAME = "$(TARGET_NAME)";
				SWIFT_EMIT_LOC_STRINGS = NO;
				SWIFT_VERSION = 5.0;
				TARGETED_DEVICE_FAMILY = "1,2";
				TEST_TARGET_NAME = emojiGame;
			};
			name = Debug;
		};
		33B2C3902BA49A7700A325E7 /* Release */ = {
			isa = XCBuildConfiguration;
			buildSettings = {
				ALWAYS_EMBED_SWIFT_STANDARD_LIBRARIES = YES;
				CODE_SIGN_STYLE = Automatic;
				CURRENT_PROJECT_VERSION = 1;
				GENERATE_INFOPLIST_FILE = YES;
				MARKETING_VERSION = 1.0;
				PRODUCT_BUNDLE_IDENTIFIER = com.metroed.emojiGameUITests;
				PRODUCT_NAME = "$(TARGET_NAME)";
				SWIFT_EMIT_LOC_STRINGS = NO;
				SWIFT_VERSION = 5.0;
				TARGETED_DEVICE_FAMILY = "1,2";
				TEST_TARGET_NAME = emojiGame;
			};
			name = Release;
		};
/* End XCBuildConfiguration section */

/* Begin XCConfigurationList section */
		33B2C35F2BA49A7400A325E7 /* Build configuration list for PBXProject "emojiGame" */ = {
			isa = XCConfigurationList;
			buildConfigurations = (
				33B2C3862BA49A7700A325E7 /* Debug */,
				33B2C3872BA49A7700A325E7 /* Release */,
			);
			defaultConfigurationIsVisible = 0;
			defaultConfigurationName = Release;
		};
		33B2C3882BA49A7700A325E7 /* Build configuration list for PBXNativeTarget "emojiGame" */ = {
			isa = XCConfigurationList;
			buildConfigurations = (
				33B2C3892BA49A7700A325E7 /* Debug */,
				33B2C38A2BA49A7700A325E7 /* Release */,
			);
			defaultConfigurationIsVisible = 0;
			defaultConfigurationName = Release;
		};
		33B2C38B2BA49A7700A325E7 /* Build configuration list for PBXNativeTarget "emojiGameTests" */ = {
			isa = XCConfigurationList;
			buildConfigurations = (
				33B2C38C2BA49A7700A325E7 /* Debug */,
				33B2C38D2BA49A7700A325E7 /* Release */,
			);
			defaultConfigurationIsVisible = 0;
			defaultConfigurationName = Release;
		};
		33B2C38E2BA49A7700A325E7 /* Build configuration list for PBXNativeTarget "emojiGameUITests" */ = {
			isa = XCConfigurationList;
			buildConfigurations = (
				33B2C38F2BA49A7700A325E7 /* Debug */,
				33B2C3902BA49A7700A325E7 /* Release */,
			);
			defaultConfigurationIsVisible = 0;
			defaultConfigurationName = Release;
		};
/* End XCConfigurationList section */
	};
	rootObject = 33B2C35C2BA49A7400A325E7 /* Project object */;
}
